version = 1
revision = 1
requires-python = ">=3.12"

[[package]]
name = "lz4"
version = "4.4.5"
source = { registry = "https://pypi.org/simple" }
sdist = { url = "https://files.pythonhosted.org/packages/57/51/f1b86d93029f418033dddf9b9f79c8d2641e7454080478ee2aab5123173e/lz4-4.4.5.tar.gz", hash = "sha256:5f0b9e53c1e82e88c10d7c180069363980136b9d7a8306c4dca4f760d60c39f0", size = 172886 }
wheels = [
    { url = "https://files.pythonhosted.org/packages/1b/ac/016e4f6de37d806f7cc8f13add0a46c9a7cfc41a5ddc2bc831d7954cf1ce/lz4-4.4.5-cp312-cp312-macosx_10_13_x86_64.whl", hash = "sha256:df5aa4cead2044bab83e0ebae56e0944cc7fcc1505c7787e9e1057d6d549897e", size = 207163 },
    { url = "https://files.pythonhosted.org/packages/8d/df/0fadac6e5bd31b6f34a1a8dbd4db6a7606e70715387c27368586455b7fc9/lz4-4.4.5-cp312-cp312-macosx_11_0_arm64.whl", hash = "sha256:6d0bf51e7745484d2092b3a51ae6eb58c3bd3ce0300cf2b2c14f76c536d5697a", size = 207150 },
    { url = "https://files.pythonhosted.org/packages/b7/17/34e36cc49bb16ca73fb57fbd4c5eaa61760c6b64bce91fcb4e0f4a97f852/lz4-4.4.5-cp312-cp312-manylinux1_i686.manylinux_2_28_i686.manylinux_2_5_i686.whl", hash = "sha256:7b62f94b523c251cf32aa4ab555f14d39bd1a9df385b72443fd76d7c7fb051f5", size = 1292045 },
    { url = "https://files.pythonhosted.org/packages/90/1c/b1d8e3741e9fc89ed3b5f7ef5f22586c07ed6bb04e8343c2e98f0fa7ff04/lz4-4.4.5-cp312-cp312-manylinux2014_aarch64.manylinux_2_17_aarch64.manylinux_2_28_aarch64.whl", hash = "sha256:2c3ea562c3af274264444819ae9b14dbbf1ab070aff214a05e97db6896c7597e", size = 1279546 },
    { url = "https://files.pythonhosted.org/packages/55/d9/e3867222474f6c1b76e89f3bd914595af69f55bf2c1866e984c548afdc15/lz4-4.4.5-cp312-cp312-manylinux2014_x86_64.manylinux_2_17_x86_64.manylinux_2_28_x86_64.whl", hash = "sha256:24092635f47538b392c4eaeff14c7270d2c8e806bf4be2a6446a378591c5e69e", size = 1368249 },
    { url = "https://files.pythonhosted.org/packages/b2/e7/d667d337367686311c38b580d1ca3d5a23a6617e129f26becd4f5dc458df/lz4-4.4.5-cp312-cp312-win32.whl", hash = "sha256:214e37cfe270948ea7eb777229e211c601a3e0875541c1035ab408fbceaddf50", size = 88189 },
    { url = "https://files.pythonhosted.org/packages/a5/0b/a54cd7406995ab097fceb907c7eb13a6ddd49e0b231e448f1a81a50af65c/lz4-4.4.5-cp312-cp312-win_amd64.whl", hash = "sha256:713a777de88a73425cf08eb11f742cd2c98628e79a8673d6a52e3c5f0c116f33", size = 99497 },
    { url = "https://files.pythonhosted.org/packages/6a/7e/dc28a952e4bfa32ca16fa2eb026e7a6ce5d1411fcd5986cd08c74ec187b9/lz4-4.4.5-cp312-cp312-win_arm64.whl", hash = "sha256:a88cbb729cc333334ccfb52f070463c21560fca63afcf636a9f160a55fac3301", size = 91279 },
    { url = "https://files.pythonhosted.org/packages/2f/46/08fd8ef19b782f301d56a9ccfd7dafec5fd4fc1a9f017cf22a1accb585d7/lz4-4.4.5-cp313-cp313-macosx_10_13_x86_64.whl", hash = "sha256:6bb05416444fafea170b07181bc70640975ecc2a8c92b3b658c554119519716c", size = 207171 },
    { url = "https://files.pythonhosted.org/packages/8f/3f/ea3334e59de30871d773963997ecdba96c4584c5f8007fd83cfc8f1ee935/lz4-4.4.5-cp313-cp313-macosx_11_0_arm64.whl", hash = "sha256:b424df1076e40d4e884cfcc4c77d815368b7fb9ebcd7e634f937725cd9a8a72a", size = 207163 },
    { url = "https://files.pythonhosted.org/packages/41/7b/7b3a2a0feb998969f4793c650bb16eff5b06e80d1f7bff867feb332f2af2/lz4-4.4.5-cp313-cp313-manylinux1_i686.manylinux_2_28_i686.manylinux_2_5_i686.whl", hash = "sha256:216ca0c6c90719731c64f41cfbd6f27a736d7e50a10b70fad2a9c9b262ec923d", size = 1292136 },
    { url = "https://files.pythonhosted.org/packages/89/d1/f1d259352227bb1c185288dd694121ea303e43404aa77560b879c90e7073/lz4-4.4.5-cp313-cp313-manylinux2014_aarch64.manylinux_2_17_aarch64.manylinux_2_28_aarch64.whl", hash = "sha256:533298d208b58b651662dd972f52d807d48915176e5b032fb4f8c3b6f5fe535c", size = 1279639 },
    { url = "https://files.pythonhosted.org/packages/d2/fb/ba9256c48266a09012ed1d9b0253b9aa4fe9cdff094f8febf5b26a4aa2a2/lz4-4.4.5-cp313-cp313-manylinux2014_x86_64.manylinux_2_17_x86_64.manylinux_2_28_x86_64.whl", hash = "sha256:451039b609b9a88a934800b5fc6ee401c89ad9c175abf2f4d9f8b2e4ef1afc64", size = 1368257 },
    { url = "https://files.pythonhosted.org/packages/a5/6d/dee32a9430c8b0e01bbb4537573cabd00555827f1a0a42d4e24ca803935c/lz4-4.4.5-cp313-cp313-win32.whl", hash = "sha256:a5f197ffa6fc0e93207b0af71b302e0a2f6f29982e5de0fbda61606dd3a55832", size = 88191 },
    { url = "https://files.pythonhosted.org/packages/18/e0/f06028aea741bbecb2a7e9648f4643235279a770c7ffaf70bd4860c73661/lz4-4.4.5-cp313-cp313-win_amd64.whl", hash = "sha256:da68497f78953017deb20edff0dba95641cc86e7423dfadf7c0264e1ac60dc22", size = 99502 },
    { url = "https://files.pythonhosted.org/packages/61/72/5bef44afb303e56078676b9f2486f13173a3c1e7f17eaac1793538174817/lz4-4.4.5-cp313-cp313-win_arm64.whl", hash = "sha256:c1cfa663468a189dab510ab231aad030970593f997746d7a324d40104db0d0a9", size = 91285 },
    { url = "https://files.pythonhosted.org/packages/49/55/6a5c2952971af73f15ed4ebfdd69774b454bd0dc905b289082ca8664fba1/lz4-4.4.5-cp313-cp313t-macosx_10_13_x86_64.whl", hash = "sha256:67531da3b62f49c939e09d56492baf397175ff39926d0bd5bd2d191ac2bff95f", size = 207348 },
    { url = "https://files.pythonhosted.org/packages/4e/d7/fd62cbdbdccc35341e83aabdb3f6d5c19be2687d0a4eaf6457ddf53bba64/lz4-4.4.5-cp313-cp313t-macosx_11_0_arm64.whl", hash = "sha256:a1acbbba9edbcbb982bc2cac5e7108f0f553aebac1040fbec67a011a45afa1ba", size = 207340 },
    { url = "https://files.pythonhosted.org/packages/77/69/225ffadaacb4b0e0eb5fd263541edd938f16cd21fe1eae3cd6d5b6a259dc/lz4-4.4.5-cp313-cp313t-manylinux1_i686.manylinux_2_28_i686.manylinux_2_5_i686.whl", hash = "sha256:a482eecc0b7829c89b498fda883dbd50e98153a116de612ee7c111c8bcf82d1d", size = 1293398 },
    { url = "https://files.pythonhosted.org/packages/c6/9e/2ce59ba4a21ea5dc43460cba6f34584e187328019abc0e66698f2b66c881/lz4-4.4.5-cp313-cp313t-manylinux2014_aarch64.manylinux_2_17_aarch64.manylinux_2_28_aarch64.whl", hash = "sha256:e099ddfaa88f59dd8d36c8a3c66bd982b4984edf127eb18e30bb49bdba68ce67", size = 1281209 },
    { url = "https://files.pythonhosted.org/packages/80/4f/4d946bd1624ec229b386a3bc8e7a85fa9a963d67d0a62043f0af0978d3da/lz4-4.4.5-cp313-cp313t-manylinux2014_x86_64.manylinux_2_17_x86_64.manylinux_2_28_x86_64.whl", hash = "sha256:a2af2897333b421360fdcce895c6f6281dc3fab018d19d341cf64d043fc8d90d", size = 1369406 },
    { url = "https://files.pythonhosted.org/packages/02/a2/d429ba4720a9064722698b4b754fb93e42e625f1318b8fe834086c7c783b/lz4-4.4.5-cp313-cp313t-win32.whl", hash = "sha256:66c5de72bf4988e1b284ebdd6524c4bead2c507a2d7f172201572bac6f593901", size = 88325 },
    { url = "https://files.pythonhosted.org/packages/4b/85/7ba10c9b97c06af6c8f7032ec942ff127558863df52d866019ce9d2425cf/lz4-4.4.5-cp313-cp313t-win_amd64.whl", hash = "sha256:cdd4bdcbaf35056086d910d219106f6a04e1ab0daa40ec0eeef1626c27d0fddb", size = 99643 },
    { url = "https://files.pythonhosted.org/packages/77/4d/a175459fb29f909e13e57c8f475181ad8085d8d7869bd8ad99033e3ee5fa/lz4-4.4.5-cp313-cp313t-win_arm64.whl", hash = "sha256:28ccaeb7c5222454cd5f60fcd152564205bcb801bd80e125949d2dfbadc76bbd", size = 91504 },
    { url = "https://files.pythonhosted.org/packages/63/9c/70bdbdb9f54053a308b200b4678afd13efd0eafb6ddcbb7f00077213c2e5/lz4-4.4.5-cp314-cp314-macosx_10_15_x86_64.whl", hash = "sha256:c216b6d5275fc060c6280936bb3bb0e0be6126afb08abccde27eed23dead135f", size = 207586 },
    { url = "https://files.pythonhosted.org/packages/b6/cb/bfead8f437741ce51e14b3c7d404e3a1f6b409c440bad9b8f3945d4c40a7/lz4-4.4.5-cp314-cp314-macosx_11_0_arm64.whl", hash = "sha256:c8e71b14938082ebaf78144f3b3917ac715f72d14c076f384a4c062df96f9df6", size = 207161 },
    { url = "https://files.pythonhosted.org/packages/e7/18/b192b2ce465dfbeabc4fc957ece7a1d34aded0d95a588862f1c8a86ac448/lz4-4.4.5-cp314-cp314-manylinux1_i686.manylinux_2_28_i686.manylinux_2_5_i686.whl", hash = "sha256:9b5e6abca8df9f9bdc5c3085f33ff32cdc86ed04c65e0355506d46a5ac19b6e9", size = 1292415 },
    { url = "https://files.pythonhosted.org/packages/67/79/a4e91872ab60f5e89bfad3e996ea7dc74a30f27253faf95865771225ccba/lz4-4.4.5-cp314-cp314-manylinux2014_aarch64.manylinux_2_17_aarch64.manylinux_2_28_aarch64.whl", hash = "sha256:3b84a42da86e8ad8537aabef062e7f661f4a877d1c74d65606c49d835d36d668", size = 1279920 },
    { url = "https://files.pythonhosted.org/packages/f1/01/d52c7b11eaa286d49dae619c0eec4aabc0bf3cda7a7467eb77c62c4471f3/lz4-4.4.5-cp314-cp314-manylinux2014_x86_64.manylinux_2_17_x86_64.manylinux_2_28_x86_64.whl", hash = "sha256:0bba042ec5a61fa77c7e380351a61cb768277801240249841defd2ff0a10742f", size = 1368661 },
    { url = "https://files.pythonhosted.org/packages/f7/da/137ddeea14c2cb86864838277b2607d09f8253f152156a07f84e11768a28/lz4-4.4.5-cp314-cp314-win32.whl", hash = "sha256:bd85d118316b53ed73956435bee1997bd06cc66dd2fa74073e3b1322bd520a67", size = 90139 },
    { url = "https://files.pythonhosted.org/packages/18/2c/8332080fd293f8337779a440b3a143f85e374311705d243439a3349b81ad/lz4-4.4.5-cp314-cp314-win_amd64.whl", hash = "sha256:92159782a4502858a21e0079d77cdcaade23e8a5d252ddf46b0652604300d7be", size = 101497 },
    { url = "https://files.pythonhosted.org/packages/ca/28/2635a8141c9a4f4bc23f5135a92bbcf48d928d8ca094088c962df1879d64/lz4-4.4.5-cp314-cp314-win_arm64.whl", hash = "sha256:d994b87abaa7a88ceb7a37c90f547b8284ff9da694e6afcfaa8568d739faf3f7", size = 93812 },
]

[[package]]
name = "mah"
version = "0.1.0"
source = { virtual = "." }
dependencies = [
    { name = "lz4" },
    { name = "msgpack" },
]

[package.metadata]
requires-dist = [
    { name = "lz4", specifier = ">=4.4.5" },
    { name = "msgpack", specifier = ">=1.1.2" },
]

[[package]]
name = "msgpack"
version = "1.1.2"
source = { registry = "https://pypi.org/simple" }
sdist = { url = "https://files.pythonhosted.org/packages/4d/f2/bfb55a6236ed8725a96b0aa3acbd0ec17588e6a2c3b62a93eb513ed8783f/msgpack-1.1.2.tar.gz", hash = "sha256:3b60763c1373dd60f398488069bcdc703cd08a711477b5d480eecc9f9626f47e", size = 173581 }
wheels = [
    { url = "https://files.pythonhosted.org/packages/ad/bd/8b0d01c756203fbab65d265859749860682ccd2a59594609aeec3a144efa/msgpack-1.1.2-cp312-cp312-macosx_10_13_x86_64.whl", hash = "sha256:70a0dff9d1f8da25179ffcf880e10cf1aad55fdb63cd59c9a49a1b82290062aa", size = 81939 },
    { url = "https://files.pythonhosted.org/packages/34/68/ba4f155f793a74c1483d4bdef136e1023f7bcba557f0db4ef3db3c665cf1/msgpack-1.1.2-cp312-cp312-macosx_11_0_arm64.whl", hash = "sha256:446abdd8b94b55c800ac34b102dffd2f6aa0ce643c55dfc017ad89347db3dbdb", size = 85064 },
    { url = "https://files.pythonhosted.org/packages/f2/60/a064b0345fc36c4c3d2c743c82d9100c40388d77f0b48b2f04d6041dbec1/msgpack-1.1.2-cp312-cp312-manylinux2014_aarch64.manylinux_2_17_aarch64.manylinux_2_28_aarch64.whl", hash = "sha256:c63eea553c69ab05b6747901b97d620bb2a690633c77f23feb0c6a947a8a7b8f", size = 417131 },
    { url = "https://files.pythonhosted.org/packages/65/92/a5100f7185a800a5d29f8d14041f61475b9de465ffcc0f3b9fba606e4505/msgpack-1.1.2-cp312-cp312-manylinux2014_x86_64.manylinux_2_17_x86_64.manylinux_2_28_x86_64.whl", hash = "sha256:372839311ccf6bdaf39b00b61288e0557916c3729529b301c52c2d88842add42", size = 427556 },
    { url = "https://files.pythonhosted.org/packages/f5/87/ffe21d1bf7d9991354ad93949286f643b2bb6ddbeab66373922b44c3b8cc/msgpack-1.1.2-cp312-cp312-musllinux_1_2_aarch64.whl", hash = "sha256:2929af52106ca73fcb28576218476ffbb531a036c2adbcf54a3664de124303e9", size = 404920 },
    { url = "https://files.pythonhosted.org/packages/ff/41/8543ed2b8604f7c0d89ce066f42007faac1eaa7d79a81555f206a5cdb889/msgpack-1.1.2-cp312-cp312-musllinux_1_2_x86_64.whl", hash = "sha256:be52a8fc79e45b0364210eef5234a7cf8d330836d0a64dfbb878efa903d84620", size = 415013 },
    { url = "https://files.pythonhosted.org/packages/41/0d/2ddfaa8b7e1cee6c490d46cb0a39742b19e2481600a7a0e96537e9c22f43/msgpack-1.1.2-cp312-cp312-win32.whl", hash = "sha256:1fff3d825d7859ac888b0fbda39a42d59193543920eda9d9bea44d958a878029", size = 65096 },
    { url = "https://files.pythonhosted.org/packages/8c/ec/d431eb7941fb55a31dd6ca3404d41fbb52d99172df2e7707754488390910/msgpack-1.1.2-cp312-cp312-win_amd64.whl", hash = "sha256:1de460f0403172cff81169a30b9a92b260cb809c4cb7e2fc79ae8d0510c78b6b", size = 72708 },
    { url = "https://files.pythonhosted.org/packages/c5/31/5b1a1f70eb0e87d1678e9624908f86317787b536060641d6798e3cf70ace/msgpack-1.1.2-cp312-cp312-win_arm64.whl", hash = "sha256:be5980f3ee0e6bd44f3a9e9dea01054f175b50c3e6cdb692bc9424c0bbb8bf69", size = 64119 },
    { url = "https://files.pythonhosted.org/packages/6b/31/b46518ecc604d7edf3a4f94cb3bf021fc62aa301f0cb849936968164ef23/msgpack-1.1.2-cp313-cp313-macosx_10_13_x86_64.whl", hash = "sha256:4efd7b5979ccb539c221a4c4e16aac1a533efc97f3b759bb5a5ac9f6d10383bf", size = 81212 },
    { url = "https://files.pythonhosted.org/packages/92/dc/c385f38f2c2433333345a82926c6bfa5ecfff3ef787201614317b58dd8be/msgpack-1.1.2-cp313-cp313-macosx_11_0_arm64.whl", hash = "sha256:42eefe2c3e2af97ed470eec850facbe1b5ad1d6eacdbadc42ec98e7dcf68b4b7", size = 84315 },
    { url = "https://files.pythonhosted.org/packages/d3/68/93180dce57f684a61a88a45ed13047558ded2be46f03acb8dec6d7c513af/msgpack-1.1.2-cp313-cp313-manylinux2014_aarch64.manylinux_2_17_aarch64.manylinux_2_28_aarch64.whl", hash = "sha256:1fdf7d83102bf09e7ce3357de96c59b627395352a4024f6e2458501f158bf999", size = 412721 },
    { url = "https://files.pythonhosted.org/packages/5d/ba/459f18c16f2b3fc1a1ca871f72f07d70c07bf768ad0a507a698b8052ac58/msgpack-1.1.2-cp313-cp313-manylinux2014_x86_64.manylinux_2_17_x86_64.manylinux_2_28_x86_64.whl", hash = "sha256:fac4be746328f90caa3cd4bc67e6fe36ca2bf61d5c6eb6d895b6527e3f05071e", size = 424657 },
    { url = "https://files.pythonhosted.org/packages/38/f8/4398c46863b093252fe67368b44edc6c13b17f4e6b0e4929dbf0bdb13f23/msgpack-1.1.2-cp313-cp313-musllinux_1_2_aarch64.whl", hash = "sha256:fffee09044073e69f2bad787071aeec727183e7580443dfeb8556cbf1978d162", size = 402668 },
    { url = "https://files.pythonhosted.org/packages/28/ce/698c1eff75626e4124b4d78e21cca0b4cc90043afb80a507626ea354ab52/msgpack-1.1.2-cp313-cp313-musllinux_1_2_x86_64.whl", hash = "sha256:5928604de9b032bc17f5099496417f113c45bc6bc21b5c6920caf34b3c428794", size = 419040 },
    { url = "https://files.pythonhosted.org/packages/67/32/f3cd1667028424fa7001d82e10ee35386eea1408b93d399b09fb0aa7875f/msgpack-1.1.2-cp313-cp313-win32.whl", hash = "sha256:a7787d353595c7c7e145e2331abf8b7ff1e6673a6b974ded96e6d4ec09f00c8c", size = 65037 },
    { url = "https://files.pythonhosted.org/packages/74/07/1ed8277f8653c40ebc65985180b007879f6a836c525b3885dcc6448ae6cb/msgpack-1.1.2-cp313-cp313-win_amd64.whl", hash = "sha256:a465f0dceb8e13a487e54c07d04ae3ba131c7c5b95e2612596eafde1dccf64a9", size = 72631 },
    { url = "https://files.pythonhosted.org/packages/e5/db/0314e4e2db56ebcf450f277904ffd84a7988b9e5da8d0d61ab2d057df2b6/msgpack-1.1.2-cp313-cp313-win_arm64.whl", hash = "sha256:e69b39f8c0aa5ec24b57737ebee40be647035158f14ed4b40e6f150077e21a84", size = 64118 },
    { url = "https://files.pythonhosted.org/packages/22/71/201105712d0a2ff07b7873ed3c220292fb2ea5120603c00c4b634bcdafb3/msgpack-1.1.2-cp314-cp314-macosx_10_13_x86_64.whl", hash = "sha256:e23ce8d5f7aa6ea6d2a2b326b4ba46c985dbb204523759984430db7114f8aa00", size = 81127 },
    { url = "https://files.pythonhosted.org/packages/1b/9f/38ff9e57a2eade7bf9dfee5eae17f39fc0e998658050279cbb14d97d36d9/msgpack-1.1.2-cp314-cp314-macosx_11_0_arm64.whl", hash = "sha256:6c15b7d74c939ebe620dd8e559384be806204d73b4f9356320632d783d1f7939", size = 84981 },
    { url = "https://files.pythonhosted.org/packages/8e/a9/3536e385167b88c2cc8f4424c49e28d49a6fc35206d4a8060f136e71f94c/msgpack-1.1.2-cp314-cp314-manylinux2014_aarch64.manylinux_2_17_aarch64.manylinux_2_28_aarch64.whl", hash = "sha256:99e2cb7b9031568a2a5c73aa077180f93dd2e95b4f8d3b8e14a73ae94a9e667e", size = 411885 },
    { url = "https://files.pythonhosted.org/packages/2f/40/dc34d1a8d5f1e51fc64640b62b191684da52ca469da9cd74e84936ffa4a6/msgpack-1.1.2-cp314-cp314-manylinux2014_x86_64.manylinux_2_17_x86_64.manylinux_2_28_x86_64.whl", hash = "sha256:180759d89a057eab503cf62eeec0aa61c4ea1200dee709f3a8e9397dbb3b6931", size = 419658 },
    { url = "https://files.pythonhosted.org/packages/3b/ef/2b92e286366500a09a67e03496ee8b8ba00562797a52f3c117aa2b29514b/msgpack-1.1.2-cp314-cp314-musllinux_1_2_aarch64.whl", hash = "sha256:04fb995247a6e83830b62f0b07bf36540c213f6eac8e851166d8d86d83cbd014", size = 403290 },
    { url = "https://files.pythonhosted.org/packages/78/90/e0ea7990abea5764e4655b8177aa7c63cdfa89945b6e7641055800f6c16b/msgpack-1.1.2-cp314-cp314-musllinux_1_2_x86_64.whl", hash = "sha256:8e22ab046fa7ede9e36eeb4cfad44d46450f37bb05d5ec482b02868f451c95e2", size = 415234 },
    { url = "https://files.pythonhosted.org/packages/72/4e/9390aed5db983a2310818cd7d3ec0aecad45e1f7007e0cda79c79507bb0d/msgpack-1.1.2-cp314-cp314-win32.whl", hash = "sha256:80a0ff7d4abf5fecb995fcf235d4064b9a9a8a40a3ab80999e6ac1e30b702717", size = 66391 },
    { url = "https://files.pythonhosted.org/packages/6e/f1/abd09c2ae91228c5f3998dbd7f41353def9eac64253de3c8105efa2082f7/msgpack-1.1.2-cp314-cp314-win_amd64.whl", hash = "sha256:9ade919fac6a3e7260b7f64cea89df6bec59104987cbea34d34a2fa15d74310b", size = 73787 },
    { url = "https://files.pythonhosted.org/packages/6a/b0/9d9f667ab48b16ad4115c1935d94023b82b3198064cb84a123e97f7466c1/msgpack-1.1.2-cp314-cp314-win_arm64.whl", hash = "sha256:59415c6076b1e30e563eb732e23b994a61c159cec44deaf584e5cc1dd662f2af", size = 66453 },
    { url = "https://files.pythonhosted.org/packages/16/67/93f80545eb1792b61a217fa7f06d5e5cb9e0055bed867f43e2b8e012e137/msgpack-1.1.2-cp314-cp314t-macosx_10_13_x86_64.whl", hash = "sha256:897c478140877e5307760b0ea66e0932738879e7aa68144d9b78ea4c8302a84a", size = 85264 },
    { url = "https://files.pythonhosted.org/packages/87/1c/33c8a24959cf193966ef11a6f6a2995a65eb066bd681fd085afd519a57ce/msgpack-1.1.2-cp314-cp314t-macosx_11_0_arm64.whl", hash = "sha256:a668204fa43e6d02f89dbe79a30b0d67238d9ec4c5bd8a940fc3a004a47b721b", size = 89076 },
    { url = "https://files.pythonhosted.org/packages/fc/6b/62e85ff7193663fbea5c0254ef32f0c77134b4059f8da89b958beb7696f3/msgpack-1.1.2-cp314-cp314t-manylinux2014_aarch64.manylinux_2_17_aarch64.manylinux_2_28_aarch64.whl", hash = "sha256:5559d03930d3aa0f3aacb4c42c776af1a2ace2611871c84a75afe436695e6245", size = 435242 },
    { url = "https://files.pythonhosted.org/packages/c1/47/5c74ecb4cc277cf09f64e913947871682ffa82b3b93c8dad68083112f412/msgpack-1.1.2-cp314-cp314t-manylinux2014_x86_64.manylinux_2_17_x86_64.manylinux_2_28_x86_64.whl", hash = "sha256:70c5a7a9fea7f036b716191c29047374c10721c389c21e9ffafad04df8c52c90", size = 432509 },
    { url = "https://files.pythonhosted.org/packages/24/a4/e98ccdb56dc4e98c929a3f150de1799831c0a800583cde9fa022fa90602d/msgpack-1.1.2-cp314-cp314t-musllinux_1_2_aarch64.whl", hash = "sha256:f2cb069d8b981abc72b41aea1c580ce92d57c673ec61af4c500153a626cb9e20", size = 415957 },
    { url = "https://files.pythonhosted.org/packages/da/28/6951f7fb67bc0a4e184a6b38ab71a92d9ba58080b27a77d3e2fb0be5998f/msgpack-1.1.2-cp314-cp314t-musllinux_1_2_x86_64.whl", hash = "sha256:d62ce1f483f355f61adb5433ebfd8868c5f078d1a52d042b0a998682b4fa8c27", size = 422910 },
    { url = "https://files.pythonhosted.org/packages/f0/03/42106dcded51f0a0b5284d3ce30a671e7bd3f7318d122b2ead66ad289fed/msgpack-1.1.2-cp314-cp314t-win32.whl", hash = "sha256:1d1418482b1ee984625d88aa9585db570180c286d942da463533b238b98b812b", size = 75197 },
    { url = "https://files.pythonhosted.org/packages/15/86/d0071e94987f8db59d4eeb386ddc64d0bb9b10820a8d82bcd3e53eeb2da6/msgpack-1.1.2-cp314-cp314t-win_amd64.whl", hash = "sha256:5a46bf7e831d09470ad92dff02b8b1ac92175ca36b087f904a0519857c6be3ff", size = 85772 },
    { url = "https://files.pythonhosted.org/packages/81/f2/08ace4142eb281c12701fc3b93a10795e4d4dc7f753911d836675050f886/msgpack-1.1.2-cp314-cp314t-win_arm64.whl", hash = "sha256:d99ef64f349d5ec3293688e91486c5fdb925ed03807f64d98d205d2713c60b46", size = 70868 },
]
